
Microsoft Visual Studio Solution File, Format Version 12.00
# Visual Studio Version 16
VisualStudioVersion = 16.0.29409.12
MinimumVisualStudioVersion = 10.0.40219.1
Project("{8BC9CEB8-8B4A-11D0-8D11-00A0C91BC942}") = "kodowanie", "kodowanie\kodowanie.vcxproj", "{364C4408-F43B-451C-8094-9F5CF81C3C82}"
EndProject
Project("{8BC9CEB8-8B4A-11D0-8D11-00A0C91BC942}") = "konwersja_liczb", "konwersja_liczb\konwersja_liczb.vcxproj", "{6D32C7E6-B1E9-4C25-9D38-028114E6B426}"
EndProject
Project("{8BC9CEB8-8B4A-11D0-8D11-00A0C91BC942}") = "prog_mieszane", "prog_mieszane\prog_mieszane.vcxproj", "{B4E257AA-22EE-459B-AEE7-BF3A71B5B5DA}"
EndProject
Project("{8BC9CEB8-8B4A-11D0-8D11-00A0C91BC942}") = "koprocesor", "koprocesor\koprocesor.vcxproj", "{FC150DAE-E5EE-4E75-8797-BBEC60ACE247}"
EndProject
Global
	GlobalSection(SolutionConfigurationPlatforms) = preSolution
		Debug|x64 = Debug|x64
		Debug|x86 = Debug|x86
		Release|x64 = Release|x64
		Release|x86 = Release|x86
	EndGlobalSection
	GlobalSection(ProjectConfigurationPlatforms) = postSolution
		{364C4408-F43B-451C-8094-9F5CF81C3C82}.Debug|x64.ActiveCfg = Debug|x64
		{364C4408-F43B-451C-8094-9F5CF81C3C82}.Debug|x64.Build.0 = Debug|x64
		{364C4408-F43B-451C-8094-9F5CF81C3C82}.Debug|x86.ActiveCfg = Debug|Win32
		{364C4408-F43B-451C-8094-9F5CF81C3C82}.Release|x64.ActiveCfg = Release|x64
		{364C4408-F43B-451C-8094-9F5CF81C3C82}.Release|x64.Build.0 = Release|x64
		{364C4408-F43B-451C-8094-9F5CF81C3C82}.Release|x86.ActiveCfg = Release|Win32
		{364C4408-F43B-451C-8094-9F5CF81C3C82}.Release|x86.Build.0 = Release|Win32
		{6D32C7E6-B1E9-4C25-9D38-028114E6B426}.Debug|x64.ActiveCfg = Debug|x64
		{6D32C7E6-B1E9-4C25-9D38-028114E6B426}.Debug|x64.Build.0 = Debug|x64
		{6D32C7E6-B1E9-4C25-9D38-028114E6B426}.Debug|x86.ActiveCfg = Debug|Win32
		{6D32C7E6-B1E9-4C25-9D38-028114E6B426}.Release|x64.ActiveCfg = Release|x64
		{6D32C7E6-B1E9-4C25-9D38-028114E6B426}.Release|x64.Build.0 = Release|x64
		{6D32C7E6-B1E9-4C25-9D38-028114E6B426}.Release|x86.ActiveCfg = Release|Win32
		{6D32C7E6-B1E9-4C25-9D38-028114E6B426}.Release|x86.Build.0 = Release|Win32
		{B4E257AA-22EE-459B-AEE7-BF3A71B5B5DA}.Debug|x64.ActiveCfg = Debug|x64
		{B4E257AA-22EE-459B-AEE7-BF3A71B5B5DA}.Debug|x64.Build.0 = Debug|x64
		{B4E257AA-22EE-459B-AEE7-BF3A71B5B5DA}.Debug|x86.ActiveCfg = Debug|Win32
		{B4E257AA-22EE-459B-AEE7-BF3A71B5B5DA}.Release|x64.ActiveCfg = Release|x64
		{B4E257AA-22EE-459B-AEE7-BF3A71B5B5DA}.Release|x64.Build.0 = Release|x64
		{B4E257AA-22EE-459B-AEE7-BF3A71B5B5DA}.Release|x86.ActiveCfg = Release|Win32
		{B4E257AA-22EE-459B-AEE7-BF3A71B5B5DA}.Release|x86.Build.0 = Release|Win32
		{FC150DAE-E5EE-4E75-8797-BBEC60ACE247}.Debug|x64.ActiveCfg = Debug|x64
		{FC150DAE-E5EE-4E75-8797-BBEC60ACE247}.Debug|x64.Build.0 = Debug|x64
		{FC150DAE-E5EE-4E75-8797-BBEC60ACE247}.Debug|x86.ActiveCfg = Debug|Win32
		{FC150DAE-E5EE-4E75-8797-BBEC60ACE247}.Debug|x86.Build.0 = Debug|Win32
		{FC150DAE-E5EE-4E75-8797-BBEC60ACE247}.Release|x64.ActiveCfg = Release|x64
		{FC150DAE-E5EE-4E75-8797-BBEC60ACE247}.Release|x64.Build.0 = Release|x64
		{FC150DAE-E5EE-4E75-8797-BBEC60ACE247}.Release|x86.ActiveCfg = Release|Win32
		{FC150DAE-E5EE-4E75-8797-BBEC60ACE247}.Release|x86.Build.0 = Release|Win32
	EndGlobalSection
	GlobalSection(SolutionProperties) = preSolution
		HideSolutionNode = FALSE
	EndGlobalSection
	GlobalSection(ExtensibilityGlobals) = postSolution
		SolutionGuid = {0E6EC12F-228E-4747-A046-610C5C84A262}
	EndGlobalSection
EndGlobal
